// !$*UTF8*$!
{
	archiveVersion = 1;
	classes = {
	};
	objectVersion = 50;
	objects = {

/* Begin PBXBuildFile section */
		D800DD7B26B1778C002D91D0 /* AppAtributtions.swift in Sources */ = {isa = PBXBuildFile; fileRef = D800DD7A26B1778C002D91D0 /* AppAtributtions.swift */; };
		D800DD7F26B1826B002D91D0 /* TutorialView.swift in Sources */ = {isa = PBXBuildFile; fileRef = D800DD7E26B1826B002D91D0 /* TutorialView.swift */; };
		D8242D4126B13CC70012FE30 /* PurpleCardView.swift in Sources */ = {isa = PBXBuildFile; fileRef = D8242D4026B13CC70012FE30 /* PurpleCardView.swift */; };
		D875E92126A982040034A014 /* FreakQuiz_AppApp.swift in Sources */ = {isa = PBXBuildFile; fileRef = D875E92026A982040034A014 /* FreakQuiz_AppApp.swift */; };
		D875E92326A982040034A014 /* SplashView.swift in Sources */ = {isa = PBXBuildFile; fileRef = D875E92226A982040034A014 /* SplashView.swift */; };
		D875E92526A982050034A014 /* Assets.xcassets in Resources */ = {isa = PBXBuildFile; fileRef = D875E92426A982050034A014 /* Assets.xcassets */; };
		D875E92826A982050034A014 /* Preview Assets.xcassets in Resources */ = {isa = PBXBuildFile; fileRef = D875E92726A982050034A014 /* Preview Assets.xcassets */; };
		D875E92A26A982050034A014 /* Persistence.swift in Sources */ = {isa = PBXBuildFile; fileRef = D875E92926A982050034A014 /* Persistence.swift */; };
		D875E92D26A982050034A014 /* FreakQuiz_App.xcdatamodeld in Sources */ = {isa = PBXBuildFile; fileRef = D875E92B26A982050034A014 /* FreakQuiz_App.xcdatamodeld */; };
		D875E93626A9827A0034A014 /* ChooseModeView.swift in Sources */ = {isa = PBXBuildFile; fileRef = D875E93526A9827A0034A014 /* ChooseModeView.swift */; };
		D875E93826A9828C0034A014 /* ChoosePlayerView.swift in Sources */ = {isa = PBXBuildFile; fileRef = D875E93726A9828C0034A014 /* ChoosePlayerView.swift */; };
		D875E93A26A982A00034A014 /* PlayerReadyView.swift in Sources */ = {isa = PBXBuildFile; fileRef = D875E93926A982A00034A014 /* PlayerReadyView.swift */; };
		D875E93C26A982AC0034A014 /* QuestionView.swift in Sources */ = {isa = PBXBuildFile; fileRef = D875E93B26A982AC0034A014 /* QuestionView.swift */; };
		D875E93E26A982C30034A014 /* CorrectView.swift in Sources */ = {isa = PBXBuildFile; fileRef = D875E93D26A982C30034A014 /* CorrectView.swift */; };
		D875E94026A982D40034A014 /* TestView.swift in Sources */ = {isa = PBXBuildFile; fileRef = D875E93F26A982D40034A014 /* TestView.swift */; };
		D875E94226A982E20034A014 /* ScoreView.swift in Sources */ = {isa = PBXBuildFile; fileRef = D875E94126A982E20034A014 /* ScoreView.swift */; };
		D875E94B26A984170034A014 /* Game.swift in Sources */ = {isa = PBXBuildFile; fileRef = D875E94A26A984170034A014 /* Game.swift */; };
		D875E94D26A984240034A014 /* GameData.swift in Sources */ = {isa = PBXBuildFile; fileRef = D875E94C26A984240034A014 /* GameData.swift */; };
		D875E94F26A9843E0034A014 /* Player.swift in Sources */ = {isa = PBXBuildFile; fileRef = D875E94E26A9843E0034A014 /* Player.swift */; };
		D875E95126A984490034A014 /* Question.swift in Sources */ = {isa = PBXBuildFile; fileRef = D875E95026A984490034A014 /* Question.swift */; };
		D875E95326A9845F0034A014 /* QuestionAndTestSample.swift in Sources */ = {isa = PBXBuildFile; fileRef = D875E95226A9845F0034A014 /* QuestionAndTestSample.swift */; };
		D875E95526A985800034A014 /* ChooseModeVM.swift in Sources */ = {isa = PBXBuildFile; fileRef = D875E95426A985800034A014 /* ChooseModeVM.swift */; };
		D875E95926A985A90034A014 /* QuestionVM.swift in Sources */ = {isa = PBXBuildFile; fileRef = D875E95826A985A90034A014 /* QuestionVM.swift */; };
		D875E95D26A985CF0034A014 /* ScoreVM.swift in Sources */ = {isa = PBXBuildFile; fileRef = D875E95C26A985CF0034A014 /* ScoreVM.swift */; };
		D875E96026A9865C0034A014 /* ProgressBarView.swift in Sources */ = {isa = PBXBuildFile; fileRef = D875E95F26A9865C0034A014 /* ProgressBarView.swift */; };
		D875E96226A986710034A014 /* CardContent.swift in Sources */ = {isa = PBXBuildFile; fileRef = D875E96126A986710034A014 /* CardContent.swift */; };
		D875E96426A986880034A014 /* AnswersView.swift in Sources */ = {isa = PBXBuildFile; fileRef = D875E96326A986880034A014 /* AnswersView.swift */; };
		D875E96A26A98DAB0034A014 /* Pixel.ttf in Resources */ = {isa = PBXBuildFile; fileRef = D875E96626A98DAB0034A014 /* Pixel.ttf */; };
		D8D7800C26B1C2BA00C45CA6 /* UIViewExtensions.swift in Sources */ = {isa = PBXBuildFile; fileRef = D8D7800B26B1C2BA00C45CA6 /* UIViewExtensions.swift */; };
		D8E4C0B726B7F26800790071 /* Launch Screen.storyboard in Resources */ = {isa = PBXBuildFile; fileRef = D8E4C0B626B7F26800790071 /* Launch Screen.storyboard */; };
/* End PBXBuildFile section */

/* Begin PBXFileReference section */
		D800DD7A26B1778C002D91D0 /* AppAtributtions.swift */ = {isa = PBXFileReference; lastKnownFileType = sourcecode.swift; path = AppAtributtions.swift; sourceTree = "<group>"; };
		D800DD7E26B1826B002D91D0 /* TutorialView.swift */ = {isa = PBXFileReference; lastKnownFileType = sourcecode.swift; path = TutorialView.swift; sourceTree = "<group>"; };
		D8242D4026B13CC70012FE30 /* PurpleCardView.swift */ = {isa = PBXFileReference; lastKnownFileType = sourcecode.swift; path = PurpleCardView.swift; sourceTree = "<group>"; };
		D875E91D26A982040034A014 /* FreakQuiz App.app */ = {isa = PBXFileReference; explicitFileType = wrapper.application; includeInIndex = 0; path = "FreakQuiz App.app"; sourceTree = BUILT_PRODUCTS_DIR; };
		D875E92026A982040034A014 /* FreakQuiz_AppApp.swift */ = {isa = PBXFileReference; lastKnownFileType = sourcecode.swift; path = FreakQuiz_AppApp.swift; sourceTree = "<group>"; };
		D875E92226A982040034A014 /* SplashView.swift */ = {isa = PBXFileReference; lastKnownFileType = sourcecode.swift; path = SplashView.swift; sourceTree = "<group>"; };
		D875E92426A982050034A014 /* Assets.xcassets */ = {isa = PBXFileReference; lastKnownFileType = folder.assetcatalog; path = Assets.xcassets; sourceTree = "<group>"; };
		D875E92726A982050034A014 /* Preview Assets.xcassets */ = {isa = PBXFileReference; lastKnownFileType = folder.assetcatalog; path = "Preview Assets.xcassets"; sourceTree = "<group>"; };
		D875E92926A982050034A014 /* Persistence.swift */ = {isa = PBXFileReference; lastKnownFileType = sourcecode.swift; path = Persistence.swift; sourceTree = "<group>"; };
		D875E92C26A982050034A014 /* FreakQuiz_App.xcdatamodel */ = {isa = PBXFileReference; lastKnownFileType = wrapper.xcdatamodel; path = FreakQuiz_App.xcdatamodel; sourceTree = "<group>"; };
		D875E92E26A982050034A014 /* Info.plist */ = {isa = PBXFileReference; lastKnownFileType = text.plist.xml; path = Info.plist; sourceTree = "<group>"; };
		D875E93526A9827A0034A014 /* ChooseModeView.swift */ = {isa = PBXFileReference; lastKnownFileType = sourcecode.swift; path = ChooseModeView.swift; sourceTree = "<group>"; };
		D875E93726A9828C0034A014 /* ChoosePlayerView.swift */ = {isa = PBXFileReference; lastKnownFileType = sourcecode.swift; path = ChoosePlayerView.swift; sourceTree = "<group>"; };
		D875E93926A982A00034A014 /* PlayerReadyView.swift */ = {isa = PBXFileReference; lastKnownFileType = sourcecode.swift; path = PlayerReadyView.swift; sourceTree = "<group>"; };
		D875E93B26A982AC0034A014 /* QuestionView.swift */ = {isa = PBXFileReference; lastKnownFileType = sourcecode.swift; path = QuestionView.swift; sourceTree = "<group>"; };
		D875E93D26A982C30034A014 /* CorrectView.swift */ = {isa = PBXFileReference; lastKnownFileType = sourcecode.swift; path = CorrectView.swift; sourceTree = "<group>"; };
		D875E93F26A982D40034A014 /* TestView.swift */ = {isa = PBXFileReference; lastKnownFileType = sourcecode.swift; path = TestView.swift; sourceTree = "<group>"; };
		D875E94126A982E20034A014 /* ScoreView.swift */ = {isa = PBXFileReference; lastKnownFileType = sourcecode.swift; path = ScoreView.swift; sourceTree = "<group>"; };
		D875E94A26A984170034A014 /* Game.swift */ = {isa = PBXFileReference; lastKnownFileType = sourcecode.swift; path = Game.swift; sourceTree = "<group>"; };
		D875E94C26A984240034A014 /* GameData.swift */ = {isa = PBXFileReference; lastKnownFileType = sourcecode.swift; path = GameData.swift; sourceTree = "<group>"; };
		D875E94E26A9843E0034A014 /* Player.swift */ = {isa = PBXFileReference; lastKnownFileType = sourcecode.swift; path = Player.swift; sourceTree = "<group>"; };
		D875E95026A984490034A014 /* Question.swift */ = {isa = PBXFileReference; lastKnownFileType = sourcecode.swift; path = Question.swift; sourceTree = "<group>"; };
		D875E95226A9845F0034A014 /* QuestionAndTestSample.swift */ = {isa = PBXFileReference; lastKnownFileType = sourcecode.swift; path = QuestionAndTestSample.swift; sourceTree = "<group>"; };
		D875E95426A985800034A014 /* ChooseModeVM.swift */ = {isa = PBXFileReference; lastKnownFileType = sourcecode.swift; path = ChooseModeVM.swift; sourceTree = "<group>"; };
		D875E95826A985A90034A014 /* QuestionVM.swift */ = {isa = PBXFileReference; lastKnownFileType = sourcecode.swift; path = QuestionVM.swift; sourceTree = "<group>"; };
		D875E95C26A985CF0034A014 /* ScoreVM.swift */ = {isa = PBXFileReference; lastKnownFileType = sourcecode.swift; path = ScoreVM.swift; sourceTree = "<group>"; };
		D875E95F26A9865C0034A014 /* ProgressBarView.swift */ = {isa = PBXFileReference; lastKnownFileType = sourcecode.swift; path = ProgressBarView.swift; sourceTree = "<group>"; };
		D875E96126A986710034A014 /* CardContent.swift */ = {isa = PBXFileReference; lastKnownFileType = sourcecode.swift; path = CardContent.swift; sourceTree = "<group>"; };
		D875E96326A986880034A014 /* AnswersView.swift */ = {isa = PBXFileReference; lastKnownFileType = sourcecode.swift; path = AnswersView.swift; sourceTree = "<group>"; };
		D875E96626A98DAB0034A014 /* Pixel.ttf */ = {isa = PBXFileReference; lastKnownFileType = file; path = Pixel.ttf; sourceTree = "<group>"; };
		D8D7800B26B1C2BA00C45CA6 /* UIViewExtensions.swift */ = {isa = PBXFileReference; lastKnownFileType = sourcecode.swift; path = UIViewExtensions.swift; sourceTree = "<group>"; };
		D8E4C0B626B7F26800790071 /* Launch Screen.storyboard */ = {isa = PBXFileReference; lastKnownFileType = file.storyboard; path = "Launch Screen.storyboard"; sourceTree = "<group>"; };
/* End PBXFileReference section */

/* Begin PBXFrameworksBuildPhase section */
		D875E91A26A982040034A014 /* Frameworks */ = {
			isa = PBXFrameworksBuildPhase;
			buildActionMask = 2147483647;
			files = (
			);
			runOnlyForDeploymentPostprocessing = 0;
		};
/* End PBXFrameworksBuildPhase section */

/* Begin PBXGroup section */
		D875E91426A982040034A014 = {
			isa = PBXGroup;
			children = (
				D875E91F26A982040034A014 /* FreakQuiz App */,
				D875E91E26A982040034A014 /* Products */,
			);
			sourceTree = "<group>";
		};
		D875E91E26A982040034A014 /* Products */ = {
			isa = PBXGroup;
			children = (
				D875E91D26A982040034A014 /* FreakQuiz App.app */,
			);
			name = Products;
			sourceTree = "<group>";
		};
		D875E91F26A982040034A014 /* FreakQuiz App */ = {
			isa = PBXGroup;
			children = (
				D875E92426A982050034A014 /* Assets.xcassets */,
				D8E4C0B626B7F26800790071 /* Launch Screen.storyboard */,
				D875E94426A982FA0034A014 /* App */,
				D875E96526A986C60034A014 /* Fonts */,
				D875E94526A983080034A014 /* Model */,
				D875E94326A982E80034A014 /* View */,
				D875E94626A983160034A014 /* ViewModel */,
				D875E92E26A982050034A014 /* Info.plist */,
				D875E92B26A982050034A014 /* FreakQuiz_App.xcdatamodeld */,
				D875E92626A982050034A014 /* Preview Content */,
			);
			path = "FreakQuiz App";
			sourceTree = "<group>";
		};
		D875E92626A982050034A014 /* Preview Content */ = {
			isa = PBXGroup;
			children = (
				D875E92726A982050034A014 /* Preview Assets.xcassets */,
			);
			path = "Preview Content";
			sourceTree = "<group>";
		};
		D875E94326A982E80034A014 /* View */ = {
			isa = PBXGroup;
			children = (
				D875E92226A982040034A014 /* SplashView.swift */,
				D800DD7E26B1826B002D91D0 /* TutorialView.swift */,
				D875E93526A9827A0034A014 /* ChooseModeView.swift */,
				D875E93726A9828C0034A014 /* ChoosePlayerView.swift */,
				D875E93926A982A00034A014 /* PlayerReadyView.swift */,
				D875E93B26A982AC0034A014 /* QuestionView.swift */,
				D875E95E26A9863C0034A014 /* QuestionSecondaryViews */,
				D875E93D26A982C30034A014 /* CorrectView.swift */,
				D875E93F26A982D40034A014 /* TestView.swift */,
				D875E94126A982E20034A014 /* ScoreView.swift */,
			);
			path = View;
			sourceTree = "<group>";
		};
		D875E94426A982FA0034A014 /* App */ = {
			isa = PBXGroup;
			children = (
				D8D7800A26B1C2A100C45CA6 /* Extensions */,
				D875E92026A982040034A014 /* FreakQuiz_AppApp.swift */,
				D875E92926A982050034A014 /* Persistence.swift */,
				D800DD7A26B1778C002D91D0 /* AppAtributtions.swift */,
			);
			path = App;
			sourceTree = "<group>";
		};
		D875E94526A983080034A014 /* Model */ = {
			isa = PBXGroup;
			children = (
				D875E94A26A984170034A014 /* Game.swift */,
				D875E94C26A984240034A014 /* GameData.swift */,
				D875E94E26A9843E0034A014 /* Player.swift */,
				D875E95026A984490034A014 /* Question.swift */,
				D875E95226A9845F0034A014 /* QuestionAndTestSample.swift */,
			);
			path = Model;
			sourceTree = "<group>";
		};
		D875E94626A983160034A014 /* ViewModel */ = {
			isa = PBXGroup;
			children = (
				D875E95426A985800034A014 /* ChooseModeVM.swift */,
				D875E95826A985A90034A014 /* QuestionVM.swift */,
				D875E95C26A985CF0034A014 /* ScoreVM.swift */,
			);
			path = ViewModel;
			sourceTree = "<group>";
		};
		D875E95E26A9863C0034A014 /* QuestionSecondaryViews */ = {
			isa = PBXGroup;
			children = (
				D875E95F26A9865C0034A014 /* ProgressBarView.swift */,
				D875E96126A986710034A014 /* CardContent.swift */,
				D8242D4026B13CC70012FE30 /* PurpleCardView.swift */,
				D875E96326A986880034A014 /* AnswersView.swift */,
			);
			path = QuestionSecondaryViews;
			sourceTree = "<group>";
		};
		D875E96526A986C60034A014 /* Fonts */ = {
			isa = PBXGroup;
			children = (
				D875E96626A98DAB0034A014 /* Pixel.ttf */,
			);
			path = Fonts;
			sourceTree = "<group>";
		};
		D8D7800A26B1C2A100C45CA6 /* Extensions */ = {
			isa = PBXGroup;
			children = (
				D8D7800B26B1C2BA00C45CA6 /* UIViewExtensions.swift */,
			);
			path = Extensions;
			sourceTree = "<group>";
		};
/* End PBXGroup section */

/* Begin PBXNativeTarget section */
		D875E91C26A982040034A014 /* FreakQuiz App */ = {
			isa = PBXNativeTarget;
			buildConfigurationList = D875E93126A982050034A014 /* Build configuration list for PBXNativeTarget "FreakQuiz App" */;
			buildPhases = (
				D875E91926A982040034A014 /* Sources */,
				D875E91A26A982040034A014 /* Frameworks */,
				D875E91B26A982040034A014 /* Resources */,
			);
			buildRules = (
			);
			dependencies = (
			);
			name = "FreakQuiz App";
			productName = "FreakQuiz App";
			productReference = D875E91D26A982040034A014 /* FreakQuiz App.app */;
			productType = "com.apple.product-type.application";
		};
/* End PBXNativeTarget section */

/* Begin PBXProject section */
		D875E91526A982040034A014 /* Project object */ = {
			isa = PBXProject;
			attributes = {
				LastSwiftUpdateCheck = 1250;
				LastUpgradeCheck = 1250;
				TargetAttributes = {
					D875E91C26A982040034A014 = {
						CreatedOnToolsVersion = 12.5.1;
					};
				};
			};
			buildConfigurationList = D875E91826A982040034A014 /* Build configuration list for PBXProject "FreakQuiz App" */;
			compatibilityVersion = "Xcode 9.3";
			developmentRegion = en;
			hasScannedForEncodings = 0;
			knownRegions = (
				en,
				Base,
			);
			mainGroup = D875E91426A982040034A014;
			productRefGroup = D875E91E26A982040034A014 /* Products */;
			projectDirPath = "";
			projectRoot = "";
			targets = (
				D875E91C26A982040034A014 /* FreakQuiz App */,
			);
		};
/* End PBXProject section */

/* Begin PBXResourcesBuildPhase section */
		D875E91B26A982040034A014 /* Resources */ = {
			isa = PBXResourcesBuildPhase;
			buildActionMask = 2147483647;
			files = (
				D875E96A26A98DAB0034A014 /* Pixel.ttf in Resources */,
				D875E92826A982050034A014 /* Preview Assets.xcassets in Resources */,
				D8E4C0B726B7F26800790071 /* Launch Screen.storyboard in Resources */,
				D875E92526A982050034A014 /* Assets.xcassets in Resources */,
			);
			runOnlyForDeploymentPostprocessing = 0;
		};
/* End PBXResourcesBuildPhase section */

/* Begin PBXSourcesBuildPhase section */
		D875E91926A982040034A014 /* Sources */ = {
			isa = PBXSourcesBuildPhase;
			buildActionMask = 2147483647;
			files = (
				D875E95526A985800034A014 /* ChooseModeVM.swift in Sources */,
				D875E93C26A982AC0034A014 /* QuestionView.swift in Sources */,
				D875E95126A984490034A014 /* Question.swift in Sources */,
				D875E95D26A985CF0034A014 /* ScoreVM.swift in Sources */,
				D8242D4126B13CC70012FE30 /* PurpleCardView.swift in Sources */,
				D875E92D26A982050034A014 /* FreakQuiz_App.xcdatamodeld in Sources */,
				D875E92A26A982050034A014 /* Persistence.swift in Sources */,
				D875E94B26A984170034A014 /* Game.swift in Sources */,
				D875E93826A9828C0034A014 /* ChoosePlayerView.swift in Sources */,
				D875E96026A9865C0034A014 /* ProgressBarView.swift in Sources */,
				D875E93A26A982A00034A014 /* PlayerReadyView.swift in Sources */,
				D875E93626A9827A0034A014 /* ChooseModeView.swift in Sources */,
				D875E94026A982D40034A014 /* TestView.swift in Sources */,
				D875E94226A982E20034A014 /* ScoreView.swift in Sources */,
				D800DD7F26B1826B002D91D0 /* TutorialView.swift in Sources */,
				D875E92326A982040034A014 /* SplashView.swift in Sources */,
				D8D7800C26B1C2BA00C45CA6 /* UIViewExtensions.swift in Sources */,
				D875E92126A982040034A014 /* FreakQuiz_AppApp.swift in Sources */,
				D800DD7B26B1778C002D91D0 /* AppAtributtions.swift in Sources */,
				D875E94D26A984240034A014 /* GameData.swift in Sources */,
				D875E95326A9845F0034A014 /* QuestionAndTestSample.swift in Sources */,
				D875E96426A986880034A014 /* AnswersView.swift in Sources */,
				D875E94F26A9843E0034A014 /* Player.swift in Sources */,
				D875E95926A985A90034A014 /* QuestionVM.swift in Sources */,
				D875E96226A986710034A014 /* CardContent.swift in Sources */,
				D875E93E26A982C30034A014 /* CorrectView.swift in Sources */,
			);
			runOnlyForDeploymentPostprocessing = 0;
		};
/* End PBXSourcesBuildPhase section */

/* Begin XCBuildConfiguration section */
		D875E92F26A982050034A014 /* Debug */ = {
			isa = XCBuildConfiguration;
			buildSettings = {
				ALWAYS_SEARCH_USER_PATHS = NO;
				CLANG_ANALYZER_NONNULL = YES;
				CLANG_ANALYZER_NUMBER_OBJECT_CONVERSION = YES_AGGRESSIVE;
				CLANG_CXX_LANGUAGE_STANDARD = "gnu++14";
				CLANG_CXX_LIBRARY = "libc++";
				CLANG_ENABLE_MODULES = YES;
				CLANG_ENABLE_OBJC_ARC = YES;
				CLANG_ENABLE_OBJC_WEAK = YES;
				CLANG_WARN_BLOCK_CAPTURE_AUTORELEASING = YES;
				CLANG_WARN_BOOL_CONVERSION = YES;
				CLANG_WARN_COMMA = YES;
				CLANG_WARN_CONSTANT_CONVERSION = YES;
				CLANG_WARN_DEPRECATED_OBJC_IMPLEMENTATIONS = YES;
				CLANG_WARN_DIRECT_OBJC_ISA_USAGE = YES_ERROR;
				CLANG_WARN_DOCUMENTATION_COMMENTS = YES;
				CLANG_WARN_EMPTY_BODY = YES;
				CLANG_WARN_ENUM_CONVERSION = YES;
				CLANG_WARN_INFINITE_RECURSION = YES;
				CLANG_WARN_INT_CONVERSION = YES;
				CLANG_WARN_NON_LITERAL_NULL_CONVERSION = YES;
				CLANG_WARN_OBJC_IMPLICIT_RETAIN_SELF = YES;
				CLANG_WARN_OBJC_LITERAL_CONVERSION = YES;
				CLANG_WARN_OBJC_ROOT_CLASS = YES_ERROR;
				CLANG_WARN_QUOTED_INCLUDE_IN_FRAMEWORK_HEADER = YES;
				CLANG_WARN_RANGE_LOOP_ANALYSIS = YES;
				CLANG_WARN_STRICT_PROTOTYPES = YES;
				CLANG_WARN_SUSPICIOUS_MOVE = YES;
				CLANG_WARN_UNGUARDED_AVAILABILITY = YES_AGGRESSIVE;
				CLANG_WARN_UNREACHABLE_CODE = YES;
				CLANG_WARN__DUPLICATE_METHOD_MATCH = YES;
				COPY_PHASE_STRIP = NO;
				DEBUG_INFORMATION_FORMAT = dwarf;
				ENABLE_STRICT_OBJC_MSGSEND = YES;
				ENABLE_TESTABILITY = YES;
				GCC_C_LANGUAGE_STANDARD = gnu11;
				GCC_DYNAMIC_NO_PIC = NO;
				GCC_NO_COMMON_BLOCKS = YES;
				GCC_OPTIMIZATION_LEVEL = 0;
				GCC_PREPROCESSOR_DEFINITIONS = (
					"DEBUG=1",
					"$(inherited)",
				);
				GCC_WARN_64_TO_32_BIT_CONVERSION = YES;
				GCC_WARN_ABOUT_RETURN_TYPE = YES_ERROR;
				GCC_WARN_UNDECLARED_SELECTOR = YES;
				GCC_WARN_UNINITIALIZED_AUTOS = YES_AGGRESSIVE;
				GCC_WARN_UNUSED_FUNCTION = YES;
				GCC_WARN_UNUSED_VARIABLE = YES;
				IPHONEOS_DEPLOYMENT_TARGET = 14.5;
				MTL_ENABLE_DEBUG_INFO = INCLUDE_SOURCE;
				MTL_FAST_MATH = YES;
				ONLY_ACTIVE_ARCH = YES;
				SDKROOT = iphoneos;
				SWIFT_ACTIVE_COMPILATION_CONDITIONS = DEBUG;
				SWIFT_OPTIMIZATION_LEVEL = "-Onone";
			};
			name = Debug;
		};
		D875E93026A982050034A014 /* Release */ = {
			isa = XCBuildConfiguration;
			buildSettings = {
				ALWAYS_SEARCH_USER_PATHS = NO;
				CLANG_ANALYZER_NONNULL = YES;
				CLANG_ANALYZER_NUMBER_OBJECT_CONVERSION = YES_AGGRESSIVE;
				CLANG_CXX_LANGUAGE_STANDARD = "gnu++14";
				CLANG_CXX_LIBRARY = "libc++";
				CLANG_ENABLE_MODULES = YES;
				CLANG_ENABLE_OBJC_ARC = YES;
				CLANG_ENABLE_OBJC_WEAK = YES;
				CLANG_WARN_BLOCK_CAPTURE_AUTORELEASING = YES;
				CLANG_WARN_BOOL_CONVERSION = YES;
				CLANG_WARN_COMMA = YES;
				CLANG_WARN_CONSTANT_CONVERSION = YES;
				CLANG_WARN_DEPRECATED_OBJC_IMPLEMENTATIONS = YES;
				CLANG_WARN_DIRECT_OBJC_ISA_USAGE = YES_ERROR;
				CLANG_WARN_DOCUMENTATION_COMMENTS = YES;
				CLANG_WARN_EMPTY_BODY = YES;
				CLANG_WARN_ENUM_CONVERSION = YES;
				CLANG_WARN_INFINITE_RECURSION = YES;
				CLANG_WARN_INT_CONVERSION = YES;
				CLANG_WARN_NON_LITERAL_NULL_CONVERSION = YES;
				CLANG_WARN_OBJC_IMPLICIT_RETAIN_SELF = YES;
				CLANG_WARN_OBJC_LITERAL_CONVERSION = YES;
				CLANG_WARN_OBJC_ROOT_CLASS = YES_ERROR;
				CLANG_WARN_QUOTED_INCLUDE_IN_FRAMEWORK_HEADER = YES;
				CLANG_WARN_RANGE_LOOP_ANALYSIS = YES;
				CLANG_WARN_STRICT_PROTOTYPES = YES;
				CLANG_WARN_SUSPICIOUS_MOVE = YES;
				CLANG_WARN_UNGUARDED_AVAILABILITY = YES_AGGRESSIVE;
				CLANG_WARN_UNREACHABLE_CODE = YES;
				CLANG_WARN__DUPLICATE_METHOD_MATCH = YES;
				COPY_PHASE_STRIP = NO;
				DEBUG_INFORMATION_FORMAT = "dwarf-with-dsym";
				ENABLE_NS_ASSERTIONS = NO;
				ENABLE_STRICT_OBJC_MSGSEND = YES;
				GCC_C_LANGUAGE_STANDARD = gnu11;
				GCC_NO_COMMON_BLOCKS = YES;
				GCC_WARN_64_TO_32_BIT_CONVERSION = YES;
				GCC_WARN_ABOUT_RETURN_TYPE = YES_ERROR;
				GCC_WARN_UNDECLARED_SELECTOR = YES;
				GCC_WARN_UNINITIALIZED_AUTOS = YES_AGGRESSIVE;
				GCC_WARN_UNUSED_FUNCTION = YES;
				GCC_WARN_UNUSED_VARIABLE = YES;
				IPHONEOS_DEPLOYMENT_TARGET = 14.5;
				MTL_ENABLE_DEBUG_INFO = NO;
				MTL_FAST_MATH = YES;
				SDKROOT = iphoneos;
				SWIFT_COMPILATION_MODE = wholemodule;
				SWIFT_OPTIMIZATION_LEVEL = "-O";
				VALIDATE_PRODUCT = YES;
			};
			name = Release;
		};
		D875E93226A982050034A014 /* Debug */ = {
			isa = XCBuildConfiguration;
			buildSettings = {
				ASSETCATALOG_COMPILER_APPICON_NAME = AppIcon;
				ASSETCATALOG_COMPILER_GLOBAL_ACCENT_COLOR_NAME = AccentColor;
				CODE_SIGN_STYLE = Automatic;
				DEVELOPMENT_ASSET_PATHS = "\"FreakQuiz App/Preview Content\"";
				DEVELOPMENT_TEAM = VSQW9S6FN9;
				ENABLE_PREVIEWS = YES;
				INFOPLIST_FILE = "FreakQuiz App/Info.plist";
				IPHONEOS_DEPLOYMENT_TARGET = 14.0;
				LD_RUNPATH_SEARCH_PATHS = (
					"$(inherited)",
					"@executable_path/Frameworks",
				);
				PRODUCT_BUNDLE_IDENTIFIER = "com.josefumanal.FreakQuiz-App";
				PRODUCT_NAME = "$(TARGET_NAME)";
				SWIFT_VERSION = 5.0;
				TARGETED_DEVICE_FAMILY = "1,2";
			};
			name = Debug;
		};
		D875E93326A982050034A014 /* Release */ = {
			isa = XCBuildConfiguration;
			buildSettings = {
				ASSETCATALOG_COMPILER_APPICON_NAME = AppIcon;
				ASSETCATALOG_COMPILER_GLOBAL_ACCENT_COLOR_NAME = AccentColor;
				CODE_SIGN_STYLE = Automatic;
				DEVELOPMENT_ASSET_PATHS = "\"FreakQuiz App/Preview Content\"";
				DEVELOPMENT_TEAM = VSQW9S6FN9;
				ENABLE_PREVIEWS = YES;
				INFOPLIST_FILE = "FreakQuiz App/Info.plist";
				IPHONEOS_DEPLOYMENT_TARGET = 14.0;
				LD_RUNPATH_SEARCH_PATHS = (
					"$(inherited)",
					"@executable_path/Frameworks",
				);
				PRODUCT_BUNDLE_IDENTIFIER = "com.josefumanal.FreakQuiz-App";
				PRODUCT_NAME = "$(TARGET_NAME)";
				SWIFT_VERSION = 5.0;
				TARGETED_DEVICE_FAMILY = "1,2";
			};
			name = Release;
		};
/* End XCBuildConfiguration section */

/* Begin XCConfigurationList section */
		D875E91826A982040034A014 /* Build configuration list for PBXProject "FreakQuiz App" */ = {
			isa = XCConfigurationList;
			buildConfigurations = (
				D875E92F26A982050034A014 /* Debug */,
				D875E93026A982050034A014 /* Release */,
			);
			defaultConfigurationIsVisible = 0;
			defaultConfigurationName = Release;
		};
		D875E93126A982050034A014 /* Build configuration list for PBXNativeTarget "FreakQuiz App" */ = {
			isa = XCConfigurationList;
			buildConfigurations = (
				D875E93226A982050034A014 /* Debug */,
				D875E93326A982050034A014 /* Release */,
			);
			defaultConfigurationIsVisible = 0;
			defaultConfigurationName = Release;
		};
/* End XCConfigurationList section */

/* Begin XCVersionGroup section */
		D875E92B26A982050034A014 /* FreakQuiz_App.xcdatamodeld */ = {
			isa = XCVersionGroup;
			children = (
				D875E92C26A982050034A014 /* FreakQuiz_App.xcdatamodel */,
			);
			currentVersion = D875E92C26A982050034A014 /* FreakQuiz_App.xcdatamodel */;
			path = FreakQuiz_App.xcdatamodeld;
			sourceTree = "<group>";
			versionGroupType = wrapper.xcdatamodel;
		};
/* End XCVersionGroup section */
	};
	rootObject = D875E91526A982040034A014 /* Project object */;
}
